{
  "name": "OLD-venice-ai-chat-proxy",
  "lockfileVersion": 3,
  "requires": true,
  "packages": {
    "": {
      "dependencies": {
        "wreq-js": "^2.3.0"
      }
    },
    "node_modules/wreq-js": {
      "version": "2.3.0",
      "resolved": "https://registry.npmjs.org/wreq-js/-/wreq-js-2.3.0.tgz",
      "integrity": "sha512-jROBpTUhVH40qG+cAvBhdduKPGDSx55jK1dIDmVuu29sux9i8KY0u0wb5tHkMzXKDy9hrfHP+bpvaSq25rGwEA==",
      "cpu": [
        "x64",
        "arm64"
      ],
      "license": "MIT",
      "os": [
        "darwin",
        "linux",
        "win32"
      ]
    }
  }
}
